// !$*UTF8*$!
{
	archiveVersion = 1;
	classes = {
	};
	objectVersion = 55;
	objects = {

/* Begin PBXBuildFile section */
		12F16A0127E251BD00BD00AA /* AppDelegate.swift in Sources */ = {isa = PBXBuildFile; fileRef = 12F16A0027E251BD00BD00AA /* AppDelegate.swift */; };
		12F16A0327E251BD00BD00AA /* SceneDelegate.swift in Sources */ = {isa = PBXBuildFile; fileRef = 12F16A0227E251BD00BD00AA /* SceneDelegate.swift */; };
		12F16A0527E251BD00BD00AA /* ViewController.swift in Sources */ = {isa = PBXBuildFile; fileRef = 12F16A0427E251BD00BD00AA /* ViewController.swift */; };
		12F16A0827E251BD00BD00AA /* Main.storyboard in Resources */ = {isa = PBXBuildFile; fileRef = 12F16A0627E251BD00BD00AA /* Main.storyboard */; };
		12F16A0B27E251BD00BD00AA /* CoinTestResenchuk.xcdatamodeld in Sources */ = {isa = PBXBuildFile; fileRef = 12F16A0927E251BD00BD00AA /* CoinTestResenchuk.xcdatamodeld */; };
		12F16A0D27E251BE00BD00AA /* Assets.xcassets in Resources */ = {isa = PBXBuildFile; fileRef = 12F16A0C27E251BE00BD00AA /* Assets.xcassets */; };
		12F16A1027E251BE00BD00AA /* LaunchScreen.storyboard in Resources */ = {isa = PBXBuildFile; fileRef = 12F16A0E27E251BE00BD00AA /* LaunchScreen.storyboard */; };
		12F16A1B27E251BE00BD00AA /* CoinTestResenchukTests.swift in Sources */ = {isa = PBXBuildFile; fileRef = 12F16A1A27E251BE00BD00AA /* CoinTestResenchukTests.swift */; };
		12F16A2527E251BE00BD00AA /* CoinTestResenchukUITests.swift in Sources */ = {isa = PBXBuildFile; fileRef = 12F16A2427E251BE00BD00AA /* CoinTestResenchukUITests.swift */; };
		12F16A2727E251BE00BD00AA /* CoinTestResenchukUITestsLaunchTests.swift in Sources */ = {isa = PBXBuildFile; fileRef = 12F16A2627E251BE00BD00AA /* CoinTestResenchukUITestsLaunchTests.swift */; };
/* End PBXBuildFile section */

/* Begin PBXContainerItemProxy section */
		12F16A1727E251BE00BD00AA /* PBXContainerItemProxy */ = {
			isa = PBXContainerItemProxy;
			containerPortal = 12F169F527E251BD00BD00AA /* Project object */;
			proxyType = 1;
			remoteGlobalIDString = 12F169FC27E251BD00BD00AA;
			remoteInfo = CoinTestResenchuk;
		};
		12F16A2127E251BE00BD00AA /* PBXContainerItemProxy */ = {
			isa = PBXContainerItemProxy;
			containerPortal = 12F169F527E251BD00BD00AA /* Project object */;
			proxyType = 1;
			remoteGlobalIDString = 12F169FC27E251BD00BD00AA;
			remoteInfo = CoinTestResenchuk;
		};
/* End PBXContainerItemProxy section */

/* Begin PBXFileReference section */
		12F169FD27E251BD00BD00AA /* CoinTestResenchuk.app */ = {isa = PBXFileReference; explicitFileType = wrapper.application; includeInIndex = 0; path = CoinTestResenchuk.app; sourceTree = BUILT_PRODUCTS_DIR; };
		12F16A0027E251BD00BD00AA /* AppDelegate.swift */ = {isa = PBXFileReference; lastKnownFileType = sourcecode.swift; path = AppDelegate.swift; sourceTree = "<group>"; };
		12F16A0227E251BD00BD00AA /* SceneDelegate.swift */ = {isa = PBXFileReference; lastKnownFileType = sourcecode.swift; path = SceneDelegate.swift; sourceTree = "<group>"; };
		12F16A0427E251BD00BD00AA /* ViewController.swift */ = {isa = PBXFileReference; lastKnownFileType = sourcecode.swift; path = ViewController.swift; sourceTree = "<group>"; };
		12F16A0727E251BD00BD00AA /* Base */ = {isa = PBXFileReference; lastKnownFileType = file.storyboard; name = Base; path = Base.lproj/Main.storyboard; sourceTree = "<group>"; };
		12F16A0A27E251BD00BD00AA /* CoinTestResenchuk.xcdatamodel */ = {isa = PBXFileReference; lastKnownFileType = wrapper.xcdatamodel; path = CoinTestResenchuk.xcdatamodel; sourceTree = "<group>"; };
		12F16A0C27E251BE00BD00AA /* Assets.xcassets */ = {isa = PBXFileReference; lastKnownFileType = folder.assetcatalog; path = Assets.xcassets; sourceTree = "<group>"; };
		12F16A0F27E251BE00BD00AA /* Base */ = {isa = PBXFileReference; lastKnownFileType = file.storyboard; name = Base; path = Base.lproj/LaunchScreen.storyboard; sourceTree = "<group>"; };
		12F16A1127E251BE00BD00AA /* Info.plist */ = {isa = PBXFileReference; lastKnownFileType = text.plist.xml; path = Info.plist; sourceTree = "<group>"; };
		12F16A1627E251BE00BD00AA /* CoinTestResenchukTests.xctest */ = {isa = PBXFileReference; explicitFileType = wrapper.cfbundle; includeInIndex = 0; path = CoinTestResenchukTests.xctest; sourceTree = BUILT_PRODUCTS_DIR; };
		12F16A1A27E251BE00BD00AA /* CoinTestResenchukTests.swift */ = {isa = PBXFileReference; lastKnownFileType = sourcecode.swift; path = CoinTestResenchukTests.swift; sourceTree = "<group>"; };
		12F16A2027E251BE00BD00AA /* CoinTestResenchukUITests.xctest */ = {isa = PBXFileReference; explicitFileType = wrapper.cfbundle; includeInIndex = 0; path = CoinTestResenchukUITests.xctest; sourceTree = BUILT_PRODUCTS_DIR; };
		12F16A2427E251BE00BD00AA /* CoinTestResenchukUITests.swift */ = {isa = PBXFileReference; lastKnownFileType = sourcecode.swift; path = CoinTestResenchukUITests.swift; sourceTree = "<group>"; };
		12F16A2627E251BE00BD00AA /* CoinTestResenchukUITestsLaunchTests.swift */ = {isa = PBXFileReference; lastKnownFileType = sourcecode.swift; path = CoinTestResenchukUITestsLaunchTests.swift; sourceTree = "<group>"; };
/* End PBXFileReference section */

/* Begin PBXFrameworksBuildPhase section */
		12F169FA27E251BD00BD00AA /* Frameworks */ = {
			isa = PBXFrameworksBuildPhase;
			buildActionMask = 2147483647;
			files = (
			);
			runOnlyForDeploymentPostprocessing = 0;
		};
		12F16A1327E251BE00BD00AA /* Frameworks */ = {
			isa = PBXFrameworksBuildPhase;
			buildActionMask = 2147483647;
			files = (
			);
			runOnlyForDeploymentPostprocessing = 0;
		};
		12F16A1D27E251BE00BD00AA /* Frameworks */ = {
			isa = PBXFrameworksBuildPhase;
			buildActionMask = 2147483647;
			files = (
			);
			runOnlyForDeploymentPostprocessing = 0;
		};
/* End PBXFrameworksBuildPhase section */

/* Begin PBXGroup section */
		12F169F427E251BD00BD00AA = {
			isa = PBXGroup;
			children = (
				12F169FF27E251BD00BD00AA /* CoinTestResenchuk */,
				12F16A1927E251BE00BD00AA /* CoinTestResenchukTests */,
				12F16A2327E251BE00BD00AA /* CoinTestResenchukUITests */,
				12F169FE27E251BD00BD00AA /* Products */,
			);
			sourceTree = "<group>";
		};
		12F169FE27E251BD00BD00AA /* Products */ = {
			isa = PBXGroup;
			children = (
				12F169FD27E251BD00BD00AA /* CoinTestResenchuk.app */,
				12F16A1627E251BE00BD00AA /* CoinTestResenchukTests.xctest */,
				12F16A2027E251BE00BD00AA /* CoinTestResenchukUITests.xctest */,
			);
			name = Products;
			sourceTree = "<group>";
		};
		12F169FF27E251BD00BD00AA /* CoinTestResenchuk */ = {
			isa = PBXGroup;
			children = (
				12F16A0027E251BD00BD00AA /* AppDelegate.swift */,
				12F16A0227E251BD00BD00AA /* SceneDelegate.swift */,
				12F16A0427E251BD00BD00AA /* ViewController.swift */,
				12F16A0627E251BD00BD00AA /* Main.storyboard */,
				12F16A0C27E251BE00BD00AA /* Assets.xcassets */,
				12F16A0E27E251BE00BD00AA /* LaunchScreen.storyboard */,
				12F16A1127E251BE00BD00AA /* Info.plist */,
				12F16A0927E251BD00BD00AA /* CoinTestResenchuk.xcdatamodeld */,
			);
			path = CoinTestResenchuk;
			sourceTree = "<group>";
		};
		12F16A1927E251BE00BD00AA /* CoinTestResenchukTests */ = {
			isa = PBXGroup;
			children = (
				12F16A1A27E251BE00BD00AA /* CoinTestResenchukTests.swift */,
			);
			path = CoinTestResenchukTests;
			sourceTree = "<group>";
		};
		12F16A2327E251BE00BD00AA /* CoinTestResenchukUITests */ = {
			isa = PBXGroup;
			children = (
				12F16A2427E251BE00BD00AA /* CoinTestResenchukUITests.swift */,
				12F16A2627E251BE00BD00AA /* CoinTestResenchukUITestsLaunchTests.swift */,
			);
			path = CoinTestResenchukUITests;
			sourceTree = "<group>";
		};
/* End PBXGroup section */

/* Begin PBXNativeTarget section */
		12F169FC27E251BD00BD00AA /* CoinTestResenchuk */ = {
			isa = PBXNativeTarget;
			buildConfigurationList = 12F16A2A27E251BE00BD00AA /* Build configuration list for PBXNativeTarget "CoinTestResenchuk" */;
			buildPhases = (
				12F169F927E251BD00BD00AA /* Sources */,
				12F169FA27E251BD00BD00AA /* Frameworks */,
				12F169FB27E251BD00BD00AA /* Resources */,
			);
			buildRules = (
			);
			dependencies = (
			);
			name = CoinTestResenchuk;
			productName = CoinTestResenchuk;
			productReference = 12F169FD27E251BD00BD00AA /* CoinTestResenchuk.app */;
			productType = "com.apple.product-type.application";
		};
		12F16A1527E251BE00BD00AA /* CoinTestResenchukTests */ = {
			isa = PBXNativeTarget;
			buildConfigurationList = 12F16A2D27E251BE00BD00AA /* Build configuration list for PBXNativeTarget "CoinTestResenchukTests" */;
			buildPhases = (
				12F16A1227E251BE00BD00AA /* Sources */,
				12F16A1327E251BE00BD00AA /* Frameworks */,
				12F16A1427E251BE00BD00AA /* Resources */,
			);
			buildRules = (
			);
			dependencies = (
				12F16A1827E251BE00BD00AA /* PBXTargetDependency */,
			);
			name = CoinTestResenchukTests;
			productName = CoinTestResenchukTests;
			productReference = 12F16A1627E251BE00BD00AA /* CoinTestResenchukTests.xctest */;
			productType = "com.apple.product-type.bundle.unit-test";
		};
		12F16A1F27E251BE00BD00AA /* CoinTestResenchukUITests */ = {
			isa = PBXNativeTarget;
			buildConfigurationList = 12F16A3027E251BE00BD00AA /* Build configuration list for PBXNativeTarget "CoinTestResenchukUITests" */;
			buildPhases = (
				12F16A1C27E251BE00BD00AA /* Sources */,
				12F16A1D27E251BE00BD00AA /* Frameworks */,
				12F16A1E27E251BE00BD00AA /* Resources */,
			);
			buildRules = (
			);
			dependencies = (
				12F16A2227E251BE00BD00AA /* PBXTargetDependency */,
			);
			name = CoinTestResenchukUITests;
			productName = CoinTestResenchukUITests;
			productReference = 12F16A2027E251BE00BD00AA /* CoinTestResenchukUITests.xctest */;
			productType = "com.apple.product-type.bundle.ui-testing";
		};
/* End PBXNativeTarget section */

/* Begin PBXProject section */
		12F169F527E251BD00BD00AA /* Project object */ = {
			isa = PBXProject;
			attributes = {
				BuildIndependentTargetsInParallel = 1;
				LastSwiftUpdateCheck = 1320;
				LastUpgradeCheck = 1320;
				TargetAttributes = {
					12F169FC27E251BD00BD00AA = {
						CreatedOnToolsVersion = 13.2.1;
					};
					12F16A1527E251BE00BD00AA = {
						CreatedOnToolsVersion = 13.2.1;
						TestTargetID = 12F169FC27E251BD00BD00AA;
					};
					12F16A1F27E251BE00BD00AA = {
						CreatedOnToolsVersion = 13.2.1;
						TestTargetID = 12F169FC27E251BD00BD00AA;
					};
				};
			};
			buildConfigurationList = 12F169F827E251BD00BD00AA /* Build configuration list for PBXProject "CoinTestResenchuk" */;
			compatibilityVersion = "Xcode 13.0";
			developmentRegion = en;
			hasScannedForEncodings = 0;
			knownRegions = (
				en,
				Base,
			);
			mainGroup = 12F169F427E251BD00BD00AA;
			productRefGroup = 12F169FE27E251BD00BD00AA /* Products */;
			projectDirPath = "";
			projectRoot = "";
			targets = (
				12F169FC27E251BD00BD00AA /* CoinTestResenchuk */,
				12F16A1527E251BE00BD00AA /* CoinTestResenchukTests */,
				12F16A1F27E251BE00BD00AA /* CoinTestResenchukUITests */,
			);
		};
/* End PBXProject section */

/* Begin PBXResourcesBuildPhase section */
		12F169FB27E251BD00BD00AA /* Resources */ = {
			isa = PBXResourcesBuildPhase;
			buildActionMask = 2147483647;
			files = (
				12F16A1027E251BE00BD00AA /* LaunchScreen.storyboard in Resources */,
				12F16A0D27E251BE00BD00AA /* Assets.xcassets in Resources */,
				12F16A0827E251BD00BD00AA /* Main.storyboard in Resources */,
			);
			runOnlyForDeploymentPostprocessing = 0;
		};
		12F16A1427E251BE00BD00AA /* Resources */ = {
			isa = PBXResourcesBuildPhase;
			buildActionMask = 2147483647;
			files = (
			);
			runOnlyForDeploymentPostprocessing = 0;
		};
		12F16A1E27E251BE00BD00AA /* Resources */ = {
			isa = PBXResourcesBuildPhase;
			buildActionMask = 2147483647;
			files = (
			);
			runOnlyForDeploymentPostprocessing = 0;
		};
/* End PBXResourcesBuildPhase section */

/* Begin PBXSourcesBuildPhase section */
		12F169F927E251BD00BD00AA /* Sources */ = {
			isa = PBXSourcesBuildPhase;
			buildActionMask = 2147483647;
			files = (
				12F16A0527E251BD00BD00AA /* ViewController.swift in Sources */,
				12F16A0127E251BD00BD00AA /* AppDelegate.swift in Sources */,
				12F16A0327E251BD00BD00AA /* SceneDelegate.swift in Sources */,
				12F16A0B27E251BD00BD00AA /* CoinTestResenchuk.xcdatamodeld in Sources */,
			);
			runOnlyForDeploymentPostprocessing = 0;
		};
		12F16A1227E251BE00BD00AA /* Sources */ = {
			isa = PBXSourcesBuildPhase;
			buildActionMask = 2147483647;
			files = (
				12F16A1B27E251BE00BD00AA /* CoinTestResenchukTests.swift in Sources */,
			);
			runOnlyForDeploymentPostprocessing = 0;
		};
		12F16A1C27E251BE00BD00AA /* Sources */ = {
			isa = PBXSourcesBuildPhase;
			buildActionMask = 2147483647;
			files = (
				12F16A2727E251BE00BD00AA /* CoinTestResenchukUITestsLaunchTests.swift in Sources */,
				12F16A2527E251BE00BD00AA /* CoinTestResenchukUITests.swift in Sources */,
			);
			runOnlyForDeploymentPostprocessing = 0;
		};
/* End PBXSourcesBuildPhase section */

/* Begin PBXTargetDependency section */
		12F16A1827E251BE00BD00AA /* PBXTargetDependency */ = {
			isa = PBXTargetDependency;
			target = 12F169FC27E251BD00BD00AA /* CoinTestResenchuk */;
			targetProxy = 12F16A1727E251BE00BD00AA /* PBXContainerItemProxy */;
		};
		12F16A2227E251BE00BD00AA /* PBXTargetDependency */ = {
			isa = PBXTargetDependency;
			target = 12F169FC27E251BD00BD00AA /* CoinTestResenchuk */;
			targetProxy = 12F16A2127E251BE00BD00AA /* PBXContainerItemProxy */;
		};
/* End PBXTargetDependency section */

/* Begin PBXVariantGroup section */
		12F16A0627E251BD00BD00AA /* Main.storyboard */ = {
			isa = PBXVariantGroup;
			children = (
				12F16A0727E251BD00BD00AA /* Base */,
			);
			name = Main.storyboard;
			sourceTree = "<group>";
		};
		12F16A0E27E251BE00BD00AA /* LaunchScreen.storyboard */ = {
			isa = PBXVariantGroup;
			children = (
				12F16A0F27E251BE00BD00AA /* Base */,
			);
			name = LaunchScreen.storyboard;
			sourceTree = "<group>";
		};
/* End PBXVariantGroup section */

/* Begin XCBuildConfiguration section */
		12F16A2827E251BE00BD00AA /* Debug */ = {
			isa = XCBuildConfiguration;
			buildSettings = {
				ALWAYS_SEARCH_USER_PATHS = NO;
				CLANG_ANALYZER_NONNULL = YES;
				CLANG_ANALYZER_NUMBER_OBJECT_CONVERSION = YES_AGGRESSIVE;
				CLANG_CXX_LANGUAGE_STANDARD = "gnu++17";
				CLANG_CXX_LIBRARY = "libc++";
				CLANG_ENABLE_MODULES = YES;
				CLANG_ENABLE_OBJC_ARC = YES;
				CLANG_ENABLE_OBJC_WEAK = YES;
				CLANG_WARN_BLOCK_CAPTURE_AUTORELEASING = YES;
				CLANG_WARN_BOOL_CONVERSION = YES;
				CLANG_WARN_COMMA = YES;
				CLANG_WARN_CONSTANT_CONVERSION = YES;
				CLANG_WARN_DEPRECATED_OBJC_IMPLEMENTATIONS = YES;
				CLANG_WARN_DIRECT_OBJC_ISA_USAGE = YES_ERROR;
				CLANG_WARN_DOCUMENTATION_COMMENTS = YES;
				CLANG_WARN_EMPTY_BODY = YES;
				CLANG_WARN_ENUM_CONVERSION = YES;
				CLANG_WARN_INFINITE_RECURSION = YES;
				CLANG_WARN_INT_CONVERSION = YES;
				CLANG_WARN_NON_LITERAL_NULL_CONVERSION = YES;
				CLANG_WARN_OBJC_IMPLICIT_RETAIN_SELF = YES;
				CLANG_WARN_OBJC_LITERAL_CONVERSION = YES;
				CLANG_WARN_OBJC_ROOT_CLASS = YES_ERROR;
				CLANG_WARN_QUOTED_INCLUDE_IN_FRAMEWORK_HEADER = YES;
				CLANG_WARN_RANGE_LOOP_ANALYSIS = YES;
				CLANG_WARN_STRICT_PROTOTYPES = YES;
				CLANG_WARN_SUSPICIOUS_MOVE = YES;
				CLANG_WARN_UNGUARDED_AVAILABILITY = YES_AGGRESSIVE;
				CLANG_WARN_UNREACHABLE_CODE = YES;
				CLANG_WARN__DUPLICATE_METHOD_MATCH = YES;
				COPY_PHASE_STRIP = NO;
				DEBUG_INFORMATION_FORMAT = dwarf;
				ENABLE_STRICT_OBJC_MSGSEND = YES;
				ENABLE_TESTABILITY = YES;
				GCC_C_LANGUAGE_STANDARD = gnu11;
				GCC_DYNAMIC_NO_PIC = NO;
				GCC_NO_COMMON_BLOCKS = YES;
				GCC_OPTIMIZATION_LEVEL = 0;
				GCC_PREPROCESSOR_DEFINITIONS = (
					"DEBUG=1",
					"$(inherited)",
				);
				GCC_WARN_64_TO_32_BIT_CONVERSION = YES;
				GCC_WARN_ABOUT_RETURN_TYPE = YES_ERROR;
				GCC_WARN_UNDECLARED_SELECTOR = YES;
				GCC_WARN_UNINITIALIZED_AUTOS = YES_AGGRESSIVE;
				GCC_WARN_UNUSED_FUNCTION = YES;
				GCC_WARN_UNUSED_VARIABLE = YES;
				IPHONEOS_DEPLOYMENT_TARGET = 15.2;
				MTL_ENABLE_DEBUG_INFO = INCLUDE_SOURCE;
				MTL_FAST_MATH = YES;
				ONLY_ACTIVE_ARCH = YES;
				SDKROOT = iphoneos;
				SWIFT_ACTIVE_COMPILATION_CONDITIONS = DEBUG;
				SWIFT_OPTIMIZATION_LEVEL = "-Onone";
			};
			name = Debug;
		};
		12F16A2927E251BE00BD00AA /* Release */ = {
			isa = XCBuildConfiguration;
			buildSettings = {
				ALWAYS_SEARCH_USER_PATHS = NO;
				CLANG_ANALYZER_NONNULL = YES;
				CLANG_ANALYZER_NUMBER_OBJECT_CONVERSION = YES_AGGRESSIVE;
				CLANG_CXX_LANGUAGE_STANDARD = "gnu++17";
				CLANG_CXX_LIBRARY = "libc++";
				CLANG_ENABLE_MODULES = YES;
				CLANG_ENABLE_OBJC_ARC = YES;
				CLANG_ENABLE_OBJC_WEAK = YES;
				CLANG_WARN_BLOCK_CAPTURE_AUTORELEASING = YES;
				CLANG_WARN_BOOL_CONVERSION = YES;
				CLANG_WARN_COMMA = YES;
				CLANG_WARN_CONSTANT_CONVERSION = YES;
				CLANG_WARN_DEPRECATED_OBJC_IMPLEMENTATIONS = YES;
				CLANG_WARN_DIRECT_OBJC_ISA_USAGE = YES_ERROR;
				CLANG_WARN_DOCUMENTATION_COMMENTS = YES;
				CLANG_WARN_EMPTY_BODY = YES;
				CLANG_WARN_ENUM_CONVERSION = YES;
				CLANG_WARN_INFINITE_RECURSION = YES;
				CLANG_WARN_INT_CONVERSION = YES;
				CLANG_WARN_NON_LITERAL_NULL_CONVERSION = YES;
				CLANG_WARN_OBJC_IMPLICIT_RETAIN_SELF = YES;
				CLANG_WARN_OBJC_LITERAL_CONVERSION = YES;
				CLANG_WARN_OBJC_ROOT_CLASS = YES_ERROR;
				CLANG_WARN_QUOTED_INCLUDE_IN_FRAMEWORK_HEADER = YES;
				CLANG_WARN_RANGE_LOOP_ANALYSIS = YES;
				CLANG_WARN_STRICT_PROTOTYPES = YES;
				CLANG_WARN_SUSPICIOUS_MOVE = YES;
				CLANG_WARN_UNGUARDED_AVAILABILITY = YES_AGGRESSIVE;
				CLANG_WARN_UNREACHABLE_CODE = YES;
				CLANG_WARN__DUPLICATE_METHOD_MATCH = YES;
				COPY_PHASE_STRIP = NO;
				DEBUG_INFORMATION_FORMAT = "dwarf-with-dsym";
				ENABLE_NS_ASSERTIONS = NO;
				ENABLE_STRICT_OBJC_MSGSEND = YES;
				GCC_C_LANGUAGE_STANDARD = gnu11;
				GCC_NO_COMMON_BLOCKS = YES;
				GCC_WARN_64_TO_32_BIT_CONVERSION = YES;
				GCC_WARN_ABOUT_RETURN_TYPE = YES_ERROR;
				GCC_WARN_UNDECLARED_SELECTOR = YES;
				GCC_WARN_UNINITIALIZED_AUTOS = YES_AGGRESSIVE;
				GCC_WARN_UNUSED_FUNCTION = YES;
				GCC_WARN_UNUSED_VARIABLE = YES;
				IPHONEOS_DEPLOYMENT_TARGET = 15.2;
				MTL_ENABLE_DEBUG_INFO = NO;
				MTL_FAST_MATH = YES;
				SDKROOT = iphoneos;
				SWIFT_COMPILATION_MODE = wholemodule;
				SWIFT_OPTIMIZATION_LEVEL = "-O";
				VALIDATE_PRODUCT = YES;
			};
			name = Release;
		};
		12F16A2B27E251BE00BD00AA /* Debug */ = {
			isa = XCBuildConfiguration;
			buildSettings = {
				ASSETCATALOG_COMPILER_APPICON_NAME = AppIcon;
				ASSETCATALOG_COMPILER_GLOBAL_ACCENT_COLOR_NAME = AccentColor;
				CODE_SIGN_STYLE = Automatic;
				CURRENT_PROJECT_VERSION = 1;
				GENERATE_INFOPLIST_FILE = YES;
				INFOPLIST_FILE = CoinTestResenchuk/Info.plist;
				INFOPLIST_KEY_UIApplicationSupportsIndirectInputEvents = YES;
				INFOPLIST_KEY_UILaunchStoryboardName = LaunchScreen;
				INFOPLIST_KEY_UIMainStoryboardFile = Main;
				INFOPLIST_KEY_UISupportedInterfaceOrientations_iPad = "UIInterfaceOrientationPortrait UIInterfaceOrientationPortraitUpsideDown UIInterfaceOrientationLandscapeLeft UIInterfaceOrientationLandscapeRight";
				INFOPLIST_KEY_UISupportedInterfaceOrientations_iPhone = "UIInterfaceOrientationPortrait UIInterfaceOrientationLandscapeLeft UIInterfaceOrientationLandscapeRight";
				LD_RUNPATH_SEARCH_PATHS = (
					"$(inherited)",
					"@executable_path/Frameworks",
				);
				MARKETING_VERSION = 1.0;
				PRODUCT_BUNDLE_IDENTIFIER = romacv.CoinTestResenchuk;
				PRODUCT_NAME = "$(TARGET_NAME)";
				SWIFT_EMIT_LOC_STRINGS = YES;
				SWIFT_VERSION = 5.0;
				TARGETED_DEVICE_FAMILY = "1,2";
			};
			name = Debug;
		};
		12F16A2C27E251BE00BD00AA /* Release */ = {
			isa = XCBuildConfiguration;
			buildSettings = {
				ASSETCATALOG_COMPILER_APPICON_NAME = AppIcon;
				ASSETCATALOG_COMPILER_GLOBAL_ACCENT_COLOR_NAME = AccentColor;
				CODE_SIGN_STYLE = Automatic;
				CURRENT_PROJECT_VERSION = 1;
				GENERATE_INFOPLIST_FILE = YES;
				INFOPLIST_FILE = CoinTestResenchuk/Info.plist;
				INFOPLIST_KEY_UIApplicationSupportsIndirectInputEvents = YES;
				INFOPLIST_KEY_UILaunchStoryboardName = LaunchScreen;
				INFOPLIST_KEY_UIMainStoryboardFile = Main;
				INFOPLIST_KEY_UISupportedInterfaceOrientations_iPad = "UIInterfaceOrientationPortrait UIInterfaceOrientationPortraitUpsideDown UIInterfaceOrientationLandscapeLeft UIInterfaceOrientationLandscapeRight";
				INFOPLIST_KEY_UISupportedInterfaceOrientations_iPhone = "UIInterfaceOrientationPortrait UIInterfaceOrientationLandscapeLeft UIInterfaceOrientationLandscapeRight";
				LD_RUNPATH_SEARCH_PATHS = (
					"$(inherited)",
					"@executable_path/Frameworks",
				);
				MARKETING_VERSION = 1.0;
				PRODUCT_BUNDLE_IDENTIFIER = romacv.CoinTestResenchuk;
				PRODUCT_NAME = "$(TARGET_NAME)";
				SWIFT_EMIT_LOC_STRINGS = YES;
				SWIFT_VERSION = 5.0;
				TARGETED_DEVICE_FAMILY = "1,2";
			};
			name = Release;
		};
		12F16A2E27E251BE00BD00AA /* Debug */ = {
			isa = XCBuildConfiguration;
			buildSettings = {
				ALWAYS_EMBED_SWIFT_STANDARD_LIBRARIES = YES;
				BUNDLE_LOADER = "$(TEST_HOST)";
				CODE_SIGN_STYLE = Automatic;
				CURRENT_PROJECT_VERSION = 1;
				GENERATE_INFOPLIST_FILE = YES;
				IPHONEOS_DEPLOYMENT_TARGET = 15.2;
				MARKETING_VERSION = 1.0;
				PRODUCT_BUNDLE_IDENTIFIER = romacv.CoinTestResenchukTests;
				PRODUCT_NAME = "$(TARGET_NAME)";
				SWIFT_EMIT_LOC_STRINGS = NO;
				SWIFT_VERSION = 5.0;
				TARGETED_DEVICE_FAMILY = "1,2";
				TEST_HOST = "$(BUILT_PRODUCTS_DIR)/CoinTestResenchuk.app/CoinTestResenchuk";
			};
			name = Debug;
		};
		12F16A2F27E251BE00BD00AA /* Release */ = {
			isa = XCBuildConfiguration;
			buildSettings = {
				ALWAYS_EMBED_SWIFT_STANDARD_LIBRARIES = YES;
				BUNDLE_LOADER = "$(TEST_HOST)";
				CODE_SIGN_STYLE = Automatic;
				CURRENT_PROJECT_VERSION = 1;
				GENERATE_INFOPLIST_FILE = YES;
				IPHONEOS_DEPLOYMENT_TARGET = 15.2;
				MARKETING_VERSION = 1.0;
				PRODUCT_BUNDLE_IDENTIFIER = romacv.CoinTestResenchukTests;
				PRODUCT_NAME = "$(TARGET_NAME)";
				SWIFT_EMIT_LOC_STRINGS = NO;
				SWIFT_VERSION = 5.0;
				TARGETED_DEVICE_FAMILY = "1,2";
				TEST_HOST = "$(BUILT_PRODUCTS_DIR)/CoinTestResenchuk.app/CoinTestResenchuk";
			};
			name = Release;
		};
		12F16A3127E251BE00BD00AA /* Debug */ = {
			isa = XCBuildConfiguration;
			buildSettings = {
				ALWAYS_EMBED_SWIFT_STANDARD_LIBRARIES = YES;
				CODE_SIGN_STYLE = Automatic;
				CURRENT_PROJECT_VERSION = 1;
				GENERATE_INFOPLIST_FILE = YES;
				MARKETING_VERSION = 1.0;
				PRODUCT_BUNDLE_IDENTIFIER = romacv.CoinTestResenchukUITests;
				PRODUCT_NAME = "$(TARGET_NAME)";
				SWIFT_EMIT_LOC_STRINGS = NO;
				SWIFT_VERSION = 5.0;
				TARGETED_DEVICE_FAMILY = "1,2";
				TEST_TARGET_NAME = CoinTestResenchuk;
			};
			name = Debug;
		};
		12F16A3227E251BE00BD00AA /* Release */ = {
			isa = XCBuildConfiguration;
			buildSettings = {
				ALWAYS_EMBED_SWIFT_STANDARD_LIBRARIES = YES;
				CODE_SIGN_STYLE = Automatic;
				CURRENT_PROJECT_VERSION = 1;
				GENERATE_INFOPLIST_FILE = YES;
				MARKETING_VERSION = 1.0;
				PRODUCT_BUNDLE_IDENTIFIER = romacv.CoinTestResenchukUITests;
				PRODUCT_NAME = "$(TARGET_NAME)";
				SWIFT_EMIT_LOC_STRINGS = NO;
				SWIFT_VERSION = 5.0;
				TARGETED_DEVICE_FAMILY = "1,2";
				TEST_TARGET_NAME = CoinTestResenchuk;
			};
			name = Release;
		};
/* End XCBuildConfiguration section */

/* Begin XCConfigurationList section */
		12F169F827E251BD00BD00AA /* Build configuration list for PBXProject "CoinTestResenchuk" */ = {
			isa = XCConfigurationList;
			buildConfigurations = (
				12F16A2827E251BE00BD00AA /* Debug */,
				12F16A2927E251BE00BD00AA /* Release */,
			);
			defaultConfigurationIsVisible = 0;
			defaultConfigurationName = Release;
		};
		12F16A2A27E251BE00BD00AA /* Build configuration list for PBXNativeTarget "CoinTestResenchuk" */ = {
			isa = XCConfigurationList;
			buildConfigurations = (
				12F16A2B27E251BE00BD00AA /* Debug */,
				12F16A2C27E251BE00BD00AA /* Release */,
			);
			defaultConfigurationIsVisible = 0;
			defaultConfigurationName = Release;
		};
		12F16A2D27E251BE00BD00AA /* Build configuration list for PBXNativeTarget "CoinTestResenchukTests" */ = {
			isa = XCConfigurationList;
			buildConfigurations = (
				12F16A2E27E251BE00BD00AA /* Debug */,
				12F16A2F27E251BE00BD00AA /* Release */,
			);
			defaultConfigurationIsVisible = 0;
			defaultConfigurationName = Release;
		};
		12F16A3027E251BE00BD00AA /* Build configuration list for PBXNativeTarget "CoinTestResenchukUITests" */ = {
			isa = XCConfigurationList;
			buildConfigurations = (
				12F16A3127E251BE00BD00AA /* Debug */,
				12F16A3227E251BE00BD00AA /* Release */,
			);
			defaultConfigurationIsVisible = 0;
			defaultConfigurationName = Release;
		};
/* End XCConfigurationList section */

/* Begin XCVersionGroup section */
		12F16A0927E251BD00BD00AA /* CoinTestResenchuk.xcdatamodeld */ = {
			isa = XCVersionGroup;
			children = (
				12F16A0A27E251BD00BD00AA /* CoinTestResenchuk.xcdatamodel */,
			);
			currentVersion = 12F16A0A27E251BD00BD00AA /* CoinTestResenchuk.xcdatamodel */;
			path = CoinTestResenchuk.xcdatamodeld;
			sourceTree = "<group>";
			versionGroupType = wrapper.xcdatamodel;
		};
/* End XCVersionGroup section */
	};
	rootObject = 12F169F527E251BD00BD00AA /* Project object */;
}
